
Microsoft Visual Studio Solution File, Format Version 12.00
# Visual Studio Version 17
VisualStudioVersion = 17.9.34902.65
MinimumVisualStudioVersion = 10.0.40219.1
Project("{FAE04EC0-301F-11D3-BF4B-00C04F79EFBC}") = "Stopwatch", "Stopwatch\Stopwatch.csproj", "{24928855-EE1D-46E6-ACD3-85DFFEF5B0CE}"
EndProject
Global
	GlobalSection(SolutionConfigurationPlatforms) = preSolution
		Debug|Any CPU = Debug|Any CPU
		Release|Any CPU = Release|Any CPU
	EndGlobalSection
	GlobalSection(ProjectConfigurationPlatforms) = postSolution
		{24928855-EE1D-46E6-ACD3-85DFFEF5B0CE}.Debug|Any CPU.ActiveCfg = Debug|Any CPU
		{24928855-EE1D-46E6-ACD3-85DFFEF5B0CE}.Debug|Any CPU.Build.0 = Debug|Any CPU
		{24928855-EE1D-46E6-ACD3-85DFFEF5B0CE}.Release|Any CPU.ActiveCfg = Release|Any CPU
		{24928855-EE1D-46E6-ACD3-85DFFEF5B0CE}.Release|Any CPU.Build.0 = Release|Any CPU
	EndGlobalSection
	GlobalSection(SolutionProperties) = preSolution
		HideSolutionNode = FALSE
	EndGlobalSection
	GlobalSection(ExtensibilityGlobals) = postSolution
		SolutionGuid = {5DB99B40-86CB-4463-8818-E5C53F2513A3}
	EndGlobalSection
EndGlobal
